
Microsoft Visual Studio Solution File, Format Version 12.00
# Visual Studio Version 17
VisualStudioVersion = 17.0.32014.148
MinimumVisualStudioVersion = 10.0.40219.1
Project("{9A19103F-16F7-4668-BE54-9A1E7A4F7556}") = "CompositePattern", "CompositePattern\CompositePattern.csproj", "{C93D9738-2731-43B9-BBF9-49A0546CA1BE}"
EndProject
Project("{9A19103F-16F7-4668-BE54-9A1E7A4F7556}") = "MementoPattern", "MementoPattern\MementoPattern.csproj", "{B21E2EF4-7B0A-4D4E-8BEC-ED460DEA1753}"
EndProject
Project("{9A19103F-16F7-4668-BE54-9A1E7A4F7556}") = "ObserverPattern", "ObserverPattern\ObserverPattern.csproj", "{A75AC410-C223-4C78-8228-EEDCC7F1A65D}"
EndProject
Project("{9A19103F-16F7-4668-BE54-9A1E7A4F7556}") = "StatePattern", "StatePattern\StatePattern.csproj", "{1DC2FE0E-5D28-4ECF-B65C-C844F321A06E}"
EndProject
Project("{9A19103F-16F7-4668-BE54-9A1E7A4F7556}") = "ProxyPattern", "ProxyPattern\ProxyPattern.csproj", "{76ECAF0D-3B4B-4125-B518-EE92340B7200}"
EndProject
Project("{9A19103F-16F7-4668-BE54-9A1E7A4F7556}") = "AbstractFactoryPattern", "AbstractFactoryPattern\AbstractFactoryPattern.csproj", "{0303D830-AA91-464F-BA2F-219B9406531C}"
EndProject
Project("{9A19103F-16F7-4668-BE54-9A1E7A4F7556}") = "AdapterPattern", "AdapterPattern\AdapterPattern.csproj", "{5D88D1F5-6702-401B-8957-8CC7BE3EBC4B}"
EndProject
Project("{9A19103F-16F7-4668-BE54-9A1E7A4F7556}") = "MultipleDesignPatternsInOne", "MultipleDesignPatternsInOne\MultipleDesignPatternsInOne.csproj", "{C21A4FD1-970F-4177-95FE-CC48EB2A3EB8}"
EndProject
Project("{9A19103F-16F7-4668-BE54-9A1E7A4F7556}") = "SingletonPattern", "SingletonPattern\SingletonPattern.csproj", "{2CAFA64F-B935-45A4-91EF-E563DDB6548A}"
EndProject
Project("{FAE04EC0-301F-11D3-BF4B-00C04F79EFBC}") = "FactoryMethodPattern", "FactoryMethodPattern\FactoryMethodPattern.csproj", "{B6346796-2607-4FDD-A581-37D5135DA0EC}"
EndProject
Project("{FAE04EC0-301F-11D3-BF4B-00C04F79EFBC}") = "PrototypePattern", "PrototypePattern\PrototypePattern.csproj", "{42C35384-FD8C-4BB3-859C-F13D5EB306DC}"
EndProject
Global
	GlobalSection(SolutionConfigurationPlatforms) = preSolution
		Debug|Any CPU = Debug|Any CPU
		Release|Any CPU = Release|Any CPU
	EndGlobalSection
	GlobalSection(ProjectConfigurationPlatforms) = postSolution
		{C93D9738-2731-43B9-BBF9-49A0546CA1BE}.Debug|Any CPU.ActiveCfg = Debug|Any CPU
		{C93D9738-2731-43B9-BBF9-49A0546CA1BE}.Debug|Any CPU.Build.0 = Debug|Any CPU
		{C93D9738-2731-43B9-BBF9-49A0546CA1BE}.Release|Any CPU.ActiveCfg = Release|Any CPU
		{C93D9738-2731-43B9-BBF9-49A0546CA1BE}.Release|Any CPU.Build.0 = Release|Any CPU
		{B21E2EF4-7B0A-4D4E-8BEC-ED460DEA1753}.Debug|Any CPU.ActiveCfg = Debug|Any CPU
		{B21E2EF4-7B0A-4D4E-8BEC-ED460DEA1753}.Debug|Any CPU.Build.0 = Debug|Any CPU
		{B21E2EF4-7B0A-4D4E-8BEC-ED460DEA1753}.Release|Any CPU.ActiveCfg = Release|Any CPU
		{B21E2EF4-7B0A-4D4E-8BEC-ED460DEA1753}.Release|Any CPU.Build.0 = Release|Any CPU
		{A75AC410-C223-4C78-8228-EEDCC7F1A65D}.Debug|Any CPU.ActiveCfg = Debug|Any CPU
		{A75AC410-C223-4C78-8228-EEDCC7F1A65D}.Debug|Any CPU.Build.0 = Debug|Any CPU
		{A75AC410-C223-4C78-8228-EEDCC7F1A65D}.Release|Any CPU.ActiveCfg = Release|Any CPU
		{A75AC410-C223-4C78-8228-EEDCC7F1A65D}.Release|Any CPU.Build.0 = Release|Any CPU
		{1DC2FE0E-5D28-4ECF-B65C-C844F321A06E}.Debug|Any CPU.ActiveCfg = Debug|Any CPU
		{1DC2FE0E-5D28-4ECF-B65C-C844F321A06E}.Debug|Any CPU.Build.0 = Debug|Any CPU
		{1DC2FE0E-5D28-4ECF-B65C-C844F321A06E}.Release|Any CPU.ActiveCfg = Release|Any CPU
		{1DC2FE0E-5D28-4ECF-B65C-C844F321A06E}.Release|Any CPU.Build.0 = Release|Any CPU
		{76ECAF0D-3B4B-4125-B518-EE92340B7200}.Debug|Any CPU.ActiveCfg = Debug|Any CPU
		{76ECAF0D-3B4B-4125-B518-EE92340B7200}.Debug|Any CPU.Build.0 = Debug|Any CPU
		{76ECAF0D-3B4B-4125-B518-EE92340B7200}.Release|Any CPU.ActiveCfg = Release|Any CPU
		{76ECAF0D-3B4B-4125-B518-EE92340B7200}.Release|Any CPU.Build.0 = Release|Any CPU
		{0303D830-AA91-464F-BA2F-219B9406531C}.Debug|Any CPU.ActiveCfg = Debug|Any CPU
		{0303D830-AA91-464F-BA2F-219B9406531C}.Debug|Any CPU.Build.0 = Debug|Any CPU
		{0303D830-AA91-464F-BA2F-219B9406531C}.Release|Any CPU.ActiveCfg = Release|Any CPU
		{0303D830-AA91-464F-BA2F-219B9406531C}.Release|Any CPU.Build.0 = Release|Any CPU
		{5D88D1F5-6702-401B-8957-8CC7BE3EBC4B}.Debug|Any CPU.ActiveCfg = Debug|Any CPU
		{5D88D1F5-6702-401B-8957-8CC7BE3EBC4B}.Debug|Any CPU.Build.0 = Debug|Any CPU
		{5D88D1F5-6702-401B-8957-8CC7BE3EBC4B}.Release|Any CPU.ActiveCfg = Release|Any CPU
		{5D88D1F5-6702-401B-8957-8CC7BE3EBC4B}.Release|Any CPU.Build.0 = Release|Any CPU
		{C21A4FD1-970F-4177-95FE-CC48EB2A3EB8}.Debug|Any CPU.ActiveCfg = Debug|Any CPU
		{C21A4FD1-970F-4177-95FE-CC48EB2A3EB8}.Debug|Any CPU.Build.0 = Debug|Any CPU
		{C21A4FD1-970F-4177-95FE-CC48EB2A3EB8}.Release|Any CPU.ActiveCfg = Release|Any CPU
		{C21A4FD1-970F-4177-95FE-CC48EB2A3EB8}.Release|Any CPU.Build.0 = Release|Any CPU
		{2CAFA64F-B935-45A4-91EF-E563DDB6548A}.Debug|Any CPU.ActiveCfg = Debug|Any CPU
		{2CAFA64F-B935-45A4-91EF-E563DDB6548A}.Debug|Any CPU.Build.0 = Debug|Any CPU
		{2CAFA64F-B935-45A4-91EF-E563DDB6548A}.Release|Any CPU.ActiveCfg = Release|Any CPU
		{2CAFA64F-B935-45A4-91EF-E563DDB6548A}.Release|Any CPU.Build.0 = Release|Any CPU
		{B6346796-2607-4FDD-A581-37D5135DA0EC}.Debug|Any CPU.ActiveCfg = Debug|Any CPU
		{B6346796-2607-4FDD-A581-37D5135DA0EC}.Debug|Any CPU.Build.0 = Debug|Any CPU
		{B6346796-2607-4FDD-A581-37D5135DA0EC}.Release|Any CPU.ActiveCfg = Release|Any CPU
		{B6346796-2607-4FDD-A581-37D5135DA0EC}.Release|Any CPU.Build.0 = Release|Any CPU
		{42C35384-FD8C-4BB3-859C-F13D5EB306DC}.Debug|Any CPU.ActiveCfg = Debug|Any CPU
		{42C35384-FD8C-4BB3-859C-F13D5EB306DC}.Debug|Any CPU.Build.0 = Debug|Any CPU
		{42C35384-FD8C-4BB3-859C-F13D5EB306DC}.Release|Any CPU.ActiveCfg = Release|Any CPU
		{42C35384-FD8C-4BB3-859C-F13D5EB306DC}.Release|Any CPU.Build.0 = Release|Any CPU
	EndGlobalSection
	GlobalSection(SolutionProperties) = preSolution
		HideSolutionNode = FALSE
	EndGlobalSection
	GlobalSection(ExtensibilityGlobals) = postSolution
		SolutionGuid = {29DB023A-3681-4889-AE4F-EFA5DE205977}
	EndGlobalSection
EndGlobal
