
Microsoft Visual Studio Solution File, Format Version 12.00
# Visual Studio Version 17
VisualStudioVersion = 17.0.32014.148
MinimumVisualStudioVersion = 10.0.40219.1
Project("{9A19103F-16F7-4668-BE54-9A1E7A4F7556}") = "CompositePattern", "CompositePattern\CompositePattern.csproj", "{C93D9738-2731-43B9-BBF9-49A0546CA1BE}"
EndProject
Project("{9A19103F-16F7-4668-BE54-9A1E7A4F7556}") = "MementoPattern", "MementoPattern\MementoPattern.csproj", "{B21E2EF4-7B0A-4D4E-8BEC-ED460DEA1753}"
EndProject
Project("{9A19103F-16F7-4668-BE54-9A1E7A4F7556}") = "ObserverPattern", "ObserverPattern\ObserverPattern.csproj", "{A75AC410-C223-4C78-8228-EEDCC7F1A65D}"
EndProject
Project("{FAE04EC0-301F-11D3-BF4B-00C04F79EFBC}") = "StatePattern", "StatePattern\StatePattern.csproj", "{1DC2FE0E-5D28-4ECF-B65C-C844F321A06E}"
EndProject
Global
	GlobalSection(SolutionConfigurationPlatforms) = preSolution
		Debug|Any CPU = Debug|Any CPU
		Release|Any CPU = Release|Any CPU
	EndGlobalSection
	GlobalSection(ProjectConfigurationPlatforms) = postSolution
		{C93D9738-2731-43B9-BBF9-49A0546CA1BE}.Debug|Any CPU.ActiveCfg = Debug|Any CPU
		{C93D9738-2731-43B9-BBF9-49A0546CA1BE}.Debug|Any CPU.Build.0 = Debug|Any CPU
		{C93D9738-2731-43B9-BBF9-49A0546CA1BE}.Release|Any CPU.ActiveCfg = Release|Any CPU
		{C93D9738-2731-43B9-BBF9-49A0546CA1BE}.Release|Any CPU.Build.0 = Release|Any CPU
		{B21E2EF4-7B0A-4D4E-8BEC-ED460DEA1753}.Debug|Any CPU.ActiveCfg = Debug|Any CPU
		{B21E2EF4-7B0A-4D4E-8BEC-ED460DEA1753}.Debug|Any CPU.Build.0 = Debug|Any CPU
		{B21E2EF4-7B0A-4D4E-8BEC-ED460DEA1753}.Release|Any CPU.ActiveCfg = Release|Any CPU
		{B21E2EF4-7B0A-4D4E-8BEC-ED460DEA1753}.Release|Any CPU.Build.0 = Release|Any CPU
		{A75AC410-C223-4C78-8228-EEDCC7F1A65D}.Debug|Any CPU.ActiveCfg = Debug|Any CPU
		{A75AC410-C223-4C78-8228-EEDCC7F1A65D}.Debug|Any CPU.Build.0 = Debug|Any CPU
		{A75AC410-C223-4C78-8228-EEDCC7F1A65D}.Release|Any CPU.ActiveCfg = Release|Any CPU
		{A75AC410-C223-4C78-8228-EEDCC7F1A65D}.Release|Any CPU.Build.0 = Release|Any CPU
		{1DC2FE0E-5D28-4ECF-B65C-C844F321A06E}.Debug|Any CPU.ActiveCfg = Debug|Any CPU
		{1DC2FE0E-5D28-4ECF-B65C-C844F321A06E}.Debug|Any CPU.Build.0 = Debug|Any CPU
		{1DC2FE0E-5D28-4ECF-B65C-C844F321A06E}.Release|Any CPU.ActiveCfg = Release|Any CPU
		{1DC2FE0E-5D28-4ECF-B65C-C844F321A06E}.Release|Any CPU.Build.0 = Release|Any CPU
	EndGlobalSection
	GlobalSection(SolutionProperties) = preSolution
		HideSolutionNode = FALSE
	EndGlobalSection
	GlobalSection(ExtensibilityGlobals) = postSolution
		SolutionGuid = {29DB023A-3681-4889-AE4F-EFA5DE205977}
	EndGlobalSection
EndGlobal
